{
    "_meta": {
        "hash": {
            "sha256": "4cf0d8bbb95b866705cfd4c488d3da3f4657246f69df7e7061fe8e2e78e8e23f"
        },
        "host-environment-markers": {
            "implementation_name": "cpython",
            "implementation_version": "3.6.1",
            "os_name": "nt",
            "platform_machine": "AMD64",
            "platform_python_implementation": "CPython",
            "platform_release": "10",
            "platform_system": "Windows",
            "platform_version": "10.0.17134",
            "python_full_version": "3.6.1",
            "python_version": "3.6",
            "sys_platform": "win32"
        },
        "pipfile-spec": 6,
        "requires": {
            "python_version": "3.6"
        },
        "sources": [
            {
                "name": "pypi",
                "url": "https://pypi.org/simple",
                "verify_ssl": true
            }
        ]
    },
    "default": {
        "atomicwrites": {
            "hashes": [],
            "version": "==1.1.5"
        },
        "attrs": {
            "hashes": [],
            "version": "==18.1.0"
        },
        "colorama": {
            "hashes": [],
            "markers": "sys_platform == 'win32'",
            "version": "==0.3.9"
        },
        "cycler": {
            "hashes": [],
            "version": "==0.10.0"
        },
        "kiwisolver": {
            "hashes": [],
            "version": "==1.0.1"
        },
        "lea": {
            "hashes": [],
            "version": "==3.0.1"
        },
        "matplotlib": {
            "hashes": [],
            "version": "==2.2.2"
        },
        "more-itertools": {
            "hashes": [],
            "version": "==4.3.0"
        },
        "numpy": {
            "hashes": [],
            "version": "==1.15.0"
        },
        "pluggy": {
            "hashes": [],
            "version": "==0.7.1"
        },
        "py": {
            "hashes": [],
            "version": "==1.5.4"
        },
        "pyparsing": {
            "hashes": [],
            "version": "==2.2.0"
        },
        "pytest": {
            "hashes": [],
            "version": "==3.7.1"
        },
        "python-dateutil": {
            "hashes": [],
            "version": "==2.7.3"
        },
        "pytz": {
            "hashes": [],
            "version": "==2018.5"
        },
        "six": {
            "hashes": [],
            "version": "==1.11.0"
        }
    },
    "develop": {}
}
